
Microsoft Visual Studio Solution File, Format Version 12.00
# Visual Studio Version 16
VisualStudioVersion = 16.0.31005.135
MinimumVisualStudioVersion = 10.0.40219.1
Project("{FAE04EC0-301F-11D3-BF4B-00C04F79EFBC}") = "DemoCoreMVCApplication", "DemoCoreMVCApplication\DemoCoreMVCApplication.csproj", "{B92260E3-AB11-4D15-AA2A-B223A4A64030}"
EndProject
Global
	GlobalSection(SolutionConfigurationPlatforms) = preSolution
		Debug|Any CPU = Debug|Any CPU
		Release|Any CPU = Release|Any CPU
	EndGlobalSection
	GlobalSection(ProjectConfigurationPlatforms) = postSolution
		{B92260E3-AB11-4D15-AA2A-B223A4A64030}.Debug|Any CPU.ActiveCfg = Debug|Any CPU
		{B92260E3-AB11-4D15-AA2A-B223A4A64030}.Debug|Any CPU.Build.0 = Debug|Any CPU
		{B92260E3-AB11-4D15-AA2A-B223A4A64030}.Release|Any CPU.ActiveCfg = Release|Any CPU
		{B92260E3-AB11-4D15-AA2A-B223A4A64030}.Release|Any CPU.Build.0 = Release|Any CPU
	EndGlobalSection
	GlobalSection(SolutionProperties) = preSolution
		HideSolutionNode = FALSE
	EndGlobalSection
	GlobalSection(ExtensibilityGlobals) = postSolution
		SolutionGuid = {316F26EC-4FDE-471B-95FA-AF51BB875FE9}
	EndGlobalSection
EndGlobal
